
Microsoft Visual Studio Solution File, Format Version 12.00
# Visual Studio Version 17
VisualStudioVersion = 17.12.35527.113 d17.12
MinimumVisualStudioVersion = 10.0.40219.1
Project("{FAE04EC0-301F-11D3-BF4B-00C04F79EFBC}") = "SuperDuper", "SuperDuper\SuperDuper.csproj", "{D8C891B7-C7E9-488A-B333-8C436425A8F2}"
EndProject
Project("{FAE04EC0-301F-11D3-BF4B-00C04F79EFBC}") = "ConsoleTesting", "ConsoleTesting\ConsoleTesting.csproj", "{756F31B5-4B30-43DA-A59D-8448F9B6868E}"
EndProject
Global
	GlobalSection(SolutionConfigurationPlatforms) = preSolution
		Debug|Any CPU = Debug|Any CPU
		Release|Any CPU = Release|Any CPU
	EndGlobalSection
	GlobalSection(ProjectConfigurationPlatforms) = postSolution
		{D8C891B7-C7E9-488A-B333-8C436425A8F2}.Debug|Any CPU.ActiveCfg = Debug|Any CPU
		{D8C891B7-C7E9-488A-B333-8C436425A8F2}.Debug|Any CPU.Build.0 = Debug|Any CPU
		{D8C891B7-C7E9-488A-B333-8C436425A8F2}.Release|Any CPU.ActiveCfg = Release|Any CPU
		{D8C891B7-C7E9-488A-B333-8C436425A8F2}.Release|Any CPU.Build.0 = Release|Any CPU
		{756F31B5-4B30-43DA-A59D-8448F9B6868E}.Debug|Any CPU.ActiveCfg = Debug|Any CPU
		{756F31B5-4B30-43DA-A59D-8448F9B6868E}.Debug|Any CPU.Build.0 = Debug|Any CPU
		{756F31B5-4B30-43DA-A59D-8448F9B6868E}.Release|Any CPU.ActiveCfg = Release|Any CPU
		{756F31B5-4B30-43DA-A59D-8448F9B6868E}.Release|Any CPU.Build.0 = Release|Any CPU
	EndGlobalSection
	GlobalSection(SolutionProperties) = preSolution
		HideSolutionNode = FALSE
	EndGlobalSection
EndGlobal
